
Microsoft Visual Studio Solution File, Format Version 12.00
# Visual Studio Version 17
VisualStudioVersion = 17.13.35825.156
MinimumVisualStudioVersion = 10.0.40219.1
Project("{FAE04EC0-301F-11D3-BF4B-00C04F79EFBC}") = "DrugPrevention.Repositories.TuyenTM", "DrugPrevention.Repositories.TuyenTM\DrugPrevention.Repositories.TuyenTM.csproj", "{6DEEEDA9-C20A-3C70-6F0B-B5CABDBBE8F7}"
EndProject
Project("{FAE04EC0-301F-11D3-BF4B-00C04F79EFBC}") = "DrugPrevention.Services.TuyenTM", "DrugPrevention.Services.TuyenTM\DrugPrevention.Services.TuyenTM.csproj", "{A4205C25-60ED-66FC-0254-4ACBDAF3E301}"
EndProject
Project("{FAE04EC0-301F-11D3-BF4B-00C04F79EFBC}") = "DrugPrevention.MVCWebApp.TuyenTM", "DrugPrevention.MVCWebApp.TuyenTM\DrugPrevention.MVCWebApp.TuyenTM.csproj", "{63FA5392-62A9-4846-B950-BDCA253037FE}"
EndProject
Global
	GlobalSection(SolutionConfigurationPlatforms) = preSolution
		Debug|Any CPU = Debug|Any CPU
		Release|Any CPU = Release|Any CPU
	EndGlobalSection
	GlobalSection(ProjectConfigurationPlatforms) = postSolution
		{6DEEEDA9-C20A-3C70-6F0B-B5CABDBBE8F7}.Debug|Any CPU.ActiveCfg = Debug|Any CPU
		{6DEEEDA9-C20A-3C70-6F0B-B5CABDBBE8F7}.Debug|Any CPU.Build.0 = Debug|Any CPU
		{6DEEEDA9-C20A-3C70-6F0B-B5CABDBBE8F7}.Release|Any CPU.ActiveCfg = Release|Any CPU
		{6DEEEDA9-C20A-3C70-6F0B-B5CABDBBE8F7}.Release|Any CPU.Build.0 = Release|Any CPU
		{A4205C25-60ED-66FC-0254-4ACBDAF3E301}.Debug|Any CPU.ActiveCfg = Debug|Any CPU
		{A4205C25-60ED-66FC-0254-4ACBDAF3E301}.Debug|Any CPU.Build.0 = Debug|Any CPU
		{A4205C25-60ED-66FC-0254-4ACBDAF3E301}.Release|Any CPU.ActiveCfg = Release|Any CPU
		{A4205C25-60ED-66FC-0254-4ACBDAF3E301}.Release|Any CPU.Build.0 = Release|Any CPU
		{63FA5392-62A9-4846-B950-BDCA253037FE}.Debug|Any CPU.ActiveCfg = Debug|Any CPU
		{63FA5392-62A9-4846-B950-BDCA253037FE}.Debug|Any CPU.Build.0 = Debug|Any CPU
		{63FA5392-62A9-4846-B950-BDCA253037FE}.Release|Any CPU.ActiveCfg = Release|Any CPU
		{63FA5392-62A9-4846-B950-BDCA253037FE}.Release|Any CPU.Build.0 = Release|Any CPU
	EndGlobalSection
	GlobalSection(SolutionProperties) = preSolution
		HideSolutionNode = FALSE
	EndGlobalSection
	GlobalSection(ExtensibilityGlobals) = postSolution
		SolutionGuid = {C1D75F32-1C22-446D-8F21-D4D5FDE9976F}
	EndGlobalSection
EndGlobal
